
Microsoft Visual Studio Solution File, Format Version 12.00
# Visual Studio Version 16
VisualStudioVersion = 16.0.30114.105
MinimumVisualStudioVersion = 10.0.40219.1
Project("{FAE04EC0-301F-11D3-BF4B-00C04F79EFBC}") = "WebApplication1", "WebApplication1.csproj", "{35784D3B-7762-40A2-9895-E842CEC99995}"
EndProject
Global
	GlobalSection(SolutionConfigurationPlatforms) = preSolution
		Debug|Any CPU = Debug|Any CPU
		Release|Any CPU = Release|Any CPU
	EndGlobalSection
	GlobalSection(ProjectConfigurationPlatforms) = postSolution
		{35784D3B-7762-40A2-9895-E842CEC99995}.Debug|Any CPU.ActiveCfg = Debug|Any CPU
		{35784D3B-7762-40A2-9895-E842CEC99995}.Debug|Any CPU.Build.0 = Debug|Any CPU
		{35784D3B-7762-40A2-9895-E842CEC99995}.Release|Any CPU.ActiveCfg = Release|Any CPU
		{35784D3B-7762-40A2-9895-E842CEC99995}.Release|Any CPU.Build.0 = Release|Any CPU
	EndGlobalSection
	GlobalSection(SolutionProperties) = preSolution
		HideSolutionNode = FALSE
	EndGlobalSection
	GlobalSection(ExtensibilityGlobals) = postSolution
		SolutionGuid = {53826237-617D-4104-A71F-2BD6149261FB}
	EndGlobalSection
EndGlobal
